
Microsoft Visual Studio Solution File, Format Version 10.00
# Visual Studio 2008
Project("{8BC9CEB8-8B4A-11D0-8D11-00A0C91BC942}") = "Ex11-3", "Ex11-3.vcproj", "{EF8ACD30-99A4-4877-AAD8-36B33B0EA3C6}"
EndProject
Global
	GlobalSection(SolutionConfigurationPlatforms) = preSolution
		Debug|Win32 = Debug|Win32
		Release|Win32 = Release|Win32
	EndGlobalSection
	GlobalSection(ProjectConfigurationPlatforms) = postSolution
		{EF8ACD30-99A4-4877-AAD8-36B33B0EA3C6}.Debug|Win32.ActiveCfg = Debug|Win32
		{EF8ACD30-99A4-4877-AAD8-36B33B0EA3C6}.Debug|Win32.Build.0 = Debug|Win32
		{EF8ACD30-99A4-4877-AAD8-36B33B0EA3C6}.Release|Win32.ActiveCfg = Release|Win32
		{EF8ACD30-99A4-4877-AAD8-36B33B0EA3C6}.Release|Win32.Build.0 = Release|Win32
	EndGlobalSection
	GlobalSection(SolutionProperties) = preSolution
		HideSolutionNode = FALSE
	EndGlobalSection
EndGlobal
