
Microsoft Visual Studio Solution File, Format Version 10.00
# Visual Studio 2008
Project("{8BC9CEB8-8B4A-11D0-8D11-00A0C91BC942}") = "Ex13-26-1", "Ex13-26-1\Ex13-26-1.vcproj", "{5B7A3BA1-FC5D-4515-A088-2C5344401677}"
EndProject
Global
	GlobalSection(SolutionConfigurationPlatforms) = preSolution
		Debug|Win32 = Debug|Win32
		Release|Win32 = Release|Win32
	EndGlobalSection
	GlobalSection(ProjectConfigurationPlatforms) = postSolution
		{5B7A3BA1-FC5D-4515-A088-2C5344401677}.Debug|Win32.ActiveCfg = Debug|Win32
		{5B7A3BA1-FC5D-4515-A088-2C5344401677}.Debug|Win32.Build.0 = Debug|Win32
		{5B7A3BA1-FC5D-4515-A088-2C5344401677}.Release|Win32.ActiveCfg = Release|Win32
		{5B7A3BA1-FC5D-4515-A088-2C5344401677}.Release|Win32.Build.0 = Release|Win32
	EndGlobalSection
	GlobalSection(SolutionProperties) = preSolution
		HideSolutionNode = FALSE
	EndGlobalSection
EndGlobal
