
Microsoft Visual Studio Solution File, Format Version 10.00
# Visual Studio 2008
Project("{8BC9CEB8-8B4A-11D0-8D11-00A0C91BC942}") = "ExB-9", "ExB-9\ExB-9.vcproj", "{EBFC4AB0-543B-4E6C-903A-293B98EF17CA}"
EndProject
Global
	GlobalSection(SolutionConfigurationPlatforms) = preSolution
		Debug|Win32 = Debug|Win32
		Release|Win32 = Release|Win32
	EndGlobalSection
	GlobalSection(ProjectConfigurationPlatforms) = postSolution
		{EBFC4AB0-543B-4E6C-903A-293B98EF17CA}.Debug|Win32.ActiveCfg = Debug|Win32
		{EBFC4AB0-543B-4E6C-903A-293B98EF17CA}.Debug|Win32.Build.0 = Debug|Win32
		{EBFC4AB0-543B-4E6C-903A-293B98EF17CA}.Release|Win32.ActiveCfg = Release|Win32
		{EBFC4AB0-543B-4E6C-903A-293B98EF17CA}.Release|Win32.Build.0 = Release|Win32
	EndGlobalSection
	GlobalSection(SolutionProperties) = preSolution
		HideSolutionNode = FALSE
	EndGlobalSection
EndGlobal
