
Microsoft Visual Studio Solution File, Format Version 10.00
# Visual Studio 2008
Project("{8BC9CEB8-8B4A-11D0-8D11-00A0C91BC942}") = "Ex12-7", "Ex12-7.vcproj", "{76E19683-6E00-4108-A20E-F44D65F2CE5D}"
EndProject
Global
	GlobalSection(SolutionConfigurationPlatforms) = preSolution
		Debug|Win32 = Debug|Win32
		Release|Win32 = Release|Win32
	EndGlobalSection
	GlobalSection(ProjectConfigurationPlatforms) = postSolution
		{76E19683-6E00-4108-A20E-F44D65F2CE5D}.Debug|Win32.ActiveCfg = Debug|Win32
		{76E19683-6E00-4108-A20E-F44D65F2CE5D}.Debug|Win32.Build.0 = Debug|Win32
		{76E19683-6E00-4108-A20E-F44D65F2CE5D}.Release|Win32.ActiveCfg = Release|Win32
		{76E19683-6E00-4108-A20E-F44D65F2CE5D}.Release|Win32.Build.0 = Release|Win32
	EndGlobalSection
	GlobalSection(SolutionProperties) = preSolution
		HideSolutionNode = FALSE
	EndGlobalSection
EndGlobal
