
Microsoft Visual Studio Solution File, Format Version 10.00
# Visual Studio 2008
Project("{8BC9CEB8-8B4A-11D0-8D11-00A0C91BC942}") = "Ex12-5", "Ex12-5.vcproj", "{2E605A65-E7BF-437F-90CA-8351BF7E4952}"
EndProject
Global
	GlobalSection(SolutionConfigurationPlatforms) = preSolution
		Debug|Win32 = Debug|Win32
		Release|Win32 = Release|Win32
	EndGlobalSection
	GlobalSection(ProjectConfigurationPlatforms) = postSolution
		{2E605A65-E7BF-437F-90CA-8351BF7E4952}.Debug|Win32.ActiveCfg = Debug|Win32
		{2E605A65-E7BF-437F-90CA-8351BF7E4952}.Debug|Win32.Build.0 = Debug|Win32
		{2E605A65-E7BF-437F-90CA-8351BF7E4952}.Release|Win32.ActiveCfg = Release|Win32
		{2E605A65-E7BF-437F-90CA-8351BF7E4952}.Release|Win32.Build.0 = Release|Win32
	EndGlobalSection
	GlobalSection(SolutionProperties) = preSolution
		HideSolutionNode = FALSE
	EndGlobalSection
EndGlobal
