
Microsoft Visual Studio Solution File, Format Version 10.00
# Visual Studio 2008
Project("{8BC9CEB8-8B4A-11D0-8D11-00A0C91BC942}") = "Ex12-12", "Ex12-12.vcproj", "{4FB1DF61-F0D3-4B3A-94E3-B17794E2D870}"
EndProject
Global
	GlobalSection(SolutionConfigurationPlatforms) = preSolution
		Debug|Win32 = Debug|Win32
		Release|Win32 = Release|Win32
	EndGlobalSection
	GlobalSection(ProjectConfigurationPlatforms) = postSolution
		{4FB1DF61-F0D3-4B3A-94E3-B17794E2D870}.Debug|Win32.ActiveCfg = Debug|Win32
		{4FB1DF61-F0D3-4B3A-94E3-B17794E2D870}.Debug|Win32.Build.0 = Debug|Win32
		{4FB1DF61-F0D3-4B3A-94E3-B17794E2D870}.Release|Win32.ActiveCfg = Release|Win32
		{4FB1DF61-F0D3-4B3A-94E3-B17794E2D870}.Release|Win32.Build.0 = Release|Win32
	EndGlobalSection
	GlobalSection(SolutionProperties) = preSolution
		HideSolutionNode = FALSE
	EndGlobalSection
EndGlobal
