
Microsoft Visual Studio Solution File, Format Version 10.00
# Visual Studio 2008
Project("{8BC9CEB8-8B4A-11D0-8D11-00A0C91BC942}") = "Ex10-5", "Ex10-5.vcproj", "{9305DE93-A58D-4AF3-A79F-6D8815DA5608}"
EndProject
Global
	GlobalSection(SolutionConfigurationPlatforms) = preSolution
		Debug|Win32 = Debug|Win32
		Release|Win32 = Release|Win32
	EndGlobalSection
	GlobalSection(ProjectConfigurationPlatforms) = postSolution
		{9305DE93-A58D-4AF3-A79F-6D8815DA5608}.Debug|Win32.ActiveCfg = Debug|Win32
		{9305DE93-A58D-4AF3-A79F-6D8815DA5608}.Debug|Win32.Build.0 = Debug|Win32
		{9305DE93-A58D-4AF3-A79F-6D8815DA5608}.Release|Win32.ActiveCfg = Release|Win32
		{9305DE93-A58D-4AF3-A79F-6D8815DA5608}.Release|Win32.Build.0 = Release|Win32
	EndGlobalSection
	GlobalSection(SolutionProperties) = preSolution
		HideSolutionNode = FALSE
	EndGlobalSection
EndGlobal
