
Microsoft Visual Studio Solution File, Format Version 10.00
# Visual Studio 2008
Project("{8BC9CEB8-8B4A-11D0-8D11-00A0C91BC942}") = "Ex13-17", "Ex13-17\Ex13-17.vcproj", "{BB84F2C6-FDF1-4F96-B829-AC44F5AFB0FA}"
EndProject
Global
	GlobalSection(SolutionConfigurationPlatforms) = preSolution
		Debug|Win32 = Debug|Win32
		Release|Win32 = Release|Win32
	EndGlobalSection
	GlobalSection(ProjectConfigurationPlatforms) = postSolution
		{BB84F2C6-FDF1-4F96-B829-AC44F5AFB0FA}.Debug|Win32.ActiveCfg = Debug|Win32
		{BB84F2C6-FDF1-4F96-B829-AC44F5AFB0FA}.Debug|Win32.Build.0 = Debug|Win32
		{BB84F2C6-FDF1-4F96-B829-AC44F5AFB0FA}.Release|Win32.ActiveCfg = Release|Win32
		{BB84F2C6-FDF1-4F96-B829-AC44F5AFB0FA}.Release|Win32.Build.0 = Release|Win32
	EndGlobalSection
	GlobalSection(SolutionProperties) = preSolution
		HideSolutionNode = FALSE
	EndGlobalSection
EndGlobal
