
Microsoft Visual Studio Solution File, Format Version 10.00
# Visual Studio 2008
Project("{8BC9CEB8-8B4A-11D0-8D11-00A0C91BC942}") = "Ex11-7", "Ex11-7.vcproj", "{E27DF3B0-5978-4CEB-A508-E50C85249681}"
EndProject
Global
	GlobalSection(SolutionConfigurationPlatforms) = preSolution
		Debug|Win32 = Debug|Win32
		Release|Win32 = Release|Win32
	EndGlobalSection
	GlobalSection(ProjectConfigurationPlatforms) = postSolution
		{E27DF3B0-5978-4CEB-A508-E50C85249681}.Debug|Win32.ActiveCfg = Debug|Win32
		{E27DF3B0-5978-4CEB-A508-E50C85249681}.Debug|Win32.Build.0 = Debug|Win32
		{E27DF3B0-5978-4CEB-A508-E50C85249681}.Release|Win32.ActiveCfg = Release|Win32
		{E27DF3B0-5978-4CEB-A508-E50C85249681}.Release|Win32.Build.0 = Release|Win32
	EndGlobalSection
	GlobalSection(SolutionProperties) = preSolution
		HideSolutionNode = FALSE
	EndGlobalSection
EndGlobal
