
Microsoft Visual Studio Solution File, Format Version 10.00
# Visual Studio 2008
Project("{8BC9CEB8-8B4A-11D0-8D11-00A0C91BC942}") = "Ex13-29", "Ex13-29\Ex13-29.vcproj", "{46CBCEAD-9BEF-4E36-B0B0-6CB751610EF0}"
EndProject
Global
	GlobalSection(SolutionConfigurationPlatforms) = preSolution
		Debug|Win32 = Debug|Win32
		Release|Win32 = Release|Win32
	EndGlobalSection
	GlobalSection(ProjectConfigurationPlatforms) = postSolution
		{46CBCEAD-9BEF-4E36-B0B0-6CB751610EF0}.Debug|Win32.ActiveCfg = Debug|Win32
		{46CBCEAD-9BEF-4E36-B0B0-6CB751610EF0}.Debug|Win32.Build.0 = Debug|Win32
		{46CBCEAD-9BEF-4E36-B0B0-6CB751610EF0}.Release|Win32.ActiveCfg = Release|Win32
		{46CBCEAD-9BEF-4E36-B0B0-6CB751610EF0}.Release|Win32.Build.0 = Release|Win32
	EndGlobalSection
	GlobalSection(SolutionProperties) = preSolution
		HideSolutionNode = FALSE
	EndGlobalSection
EndGlobal
