
Microsoft Visual Studio Solution File, Format Version 10.00
# Visual Studio 2008
Project("{8BC9CEB8-8B4A-11D0-8D11-00A0C91BC942}") = "Ex11-5", "Ex11-5.vcproj", "{5F5A229F-AAAD-40B0-BC2A-B7C2CAA9C6B5}"
EndProject
Global
	GlobalSection(SolutionConfigurationPlatforms) = preSolution
		Debug|Win32 = Debug|Win32
		Release|Win32 = Release|Win32
	EndGlobalSection
	GlobalSection(ProjectConfigurationPlatforms) = postSolution
		{5F5A229F-AAAD-40B0-BC2A-B7C2CAA9C6B5}.Debug|Win32.ActiveCfg = Debug|Win32
		{5F5A229F-AAAD-40B0-BC2A-B7C2CAA9C6B5}.Debug|Win32.Build.0 = Debug|Win32
		{5F5A229F-AAAD-40B0-BC2A-B7C2CAA9C6B5}.Release|Win32.ActiveCfg = Release|Win32
		{5F5A229F-AAAD-40B0-BC2A-B7C2CAA9C6B5}.Release|Win32.Build.0 = Release|Win32
	EndGlobalSection
	GlobalSection(SolutionProperties) = preSolution
		HideSolutionNode = FALSE
	EndGlobalSection
EndGlobal
