
Microsoft Visual Studio Solution File, Format Version 10.00
# Visual Studio 2008
Project("{8BC9CEB8-8B4A-11D0-8D11-00A0C91BC942}") = "Ex12-13", "Ex12-13.vcproj", "{D9132DCC-E330-4FF2-9D0C-970D453AAD37}"
EndProject
Global
	GlobalSection(SolutionConfigurationPlatforms) = preSolution
		Debug|Win32 = Debug|Win32
		Release|Win32 = Release|Win32
	EndGlobalSection
	GlobalSection(ProjectConfigurationPlatforms) = postSolution
		{D9132DCC-E330-4FF2-9D0C-970D453AAD37}.Debug|Win32.ActiveCfg = Debug|Win32
		{D9132DCC-E330-4FF2-9D0C-970D453AAD37}.Debug|Win32.Build.0 = Debug|Win32
		{D9132DCC-E330-4FF2-9D0C-970D453AAD37}.Release|Win32.ActiveCfg = Release|Win32
		{D9132DCC-E330-4FF2-9D0C-970D453AAD37}.Release|Win32.Build.0 = Release|Win32
	EndGlobalSection
	GlobalSection(SolutionProperties) = preSolution
		HideSolutionNode = FALSE
	EndGlobalSection
EndGlobal
