
Microsoft Visual Studio Solution File, Format Version 10.00
# Visual Studio 2008
Project("{8BC9CEB8-8B4A-11D0-8D11-00A0C91BC942}") = "Ex12-8-1", "Ex12-8-1.vcproj", "{16A164BE-7A5D-497A-B467-E3A1614C07CE}"
EndProject
Global
	GlobalSection(SolutionConfigurationPlatforms) = preSolution
		Debug|Win32 = Debug|Win32
		Release|Win32 = Release|Win32
	EndGlobalSection
	GlobalSection(ProjectConfigurationPlatforms) = postSolution
		{16A164BE-7A5D-497A-B467-E3A1614C07CE}.Debug|Win32.ActiveCfg = Debug|Win32
		{16A164BE-7A5D-497A-B467-E3A1614C07CE}.Debug|Win32.Build.0 = Debug|Win32
		{16A164BE-7A5D-497A-B467-E3A1614C07CE}.Release|Win32.ActiveCfg = Release|Win32
		{16A164BE-7A5D-497A-B467-E3A1614C07CE}.Release|Win32.Build.0 = Release|Win32
	EndGlobalSection
	GlobalSection(SolutionProperties) = preSolution
		HideSolutionNode = FALSE
	EndGlobalSection
EndGlobal
