
Microsoft Visual Studio Solution File, Format Version 10.00
# Visual Studio 2008
Project("{8BC9CEB8-8B4A-11D0-8D11-00A0C91BC942}") = "Ex12-1", "Ex12-1.vcproj", "{ADC8FBF3-7157-44E1-B294-BE04E559035B}"
EndProject
Global
	GlobalSection(SolutionConfigurationPlatforms) = preSolution
		Debug|Win32 = Debug|Win32
		Release|Win32 = Release|Win32
	EndGlobalSection
	GlobalSection(ProjectConfigurationPlatforms) = postSolution
		{ADC8FBF3-7157-44E1-B294-BE04E559035B}.Debug|Win32.ActiveCfg = Debug|Win32
		{ADC8FBF3-7157-44E1-B294-BE04E559035B}.Debug|Win32.Build.0 = Debug|Win32
		{ADC8FBF3-7157-44E1-B294-BE04E559035B}.Release|Win32.ActiveCfg = Release|Win32
		{ADC8FBF3-7157-44E1-B294-BE04E559035B}.Release|Win32.Build.0 = Release|Win32
	EndGlobalSection
	GlobalSection(SolutionProperties) = preSolution
		HideSolutionNode = FALSE
	EndGlobalSection
EndGlobal
